
Microsoft Visual Studio Solution File, Format Version 12.00
# Visual Studio Version 17
VisualStudioVersion = 17.0.31903.59
MinimumVisualStudioVersion = 10.0.40219.1
Project("{2150E333-8FDC-42A3-9474-1A3956D46DE8}") = "src", "src", "{4B0D742A-C69D-41D5-9363-4961EB8E4AA1}"
EndProject
Project("{9A19103F-16F7-4668-BE54-9A1E7A4F7556}") = "Client", "src\Client\Client.csproj", "{66D6BA8B-11BE-4424-A366-CF7B8CA89EFA}"
EndProject
Project("{9A19103F-16F7-4668-BE54-9A1E7A4F7556}") = "Domain", "src\Domain\Domain.csproj", "{B85395AE-F65B-42FD-B486-9EB4641D694A}"
EndProject
Project("{9A19103F-16F7-4668-BE54-9A1E7A4F7556}") = "Shared", "src\Shared\Shared.csproj", "{C91DD41C-E169-4260-9072-6CA4F23D735D}"
EndProject
Project("{9A19103F-16F7-4668-BE54-9A1E7A4F7556}") = "Server", "src\Server\Server.csproj", "{1E43EB75-9734-443F-AC27-5F070714EBB4}"
EndProject
Project("{9A19103F-16F7-4668-BE54-9A1E7A4F7556}") = "ConsoleApplication", "src\ConsoleApplication\ConsoleApplication.csproj", "{5A77D50B-01E5-4E93-92F5-5300523373F7}"
EndProject
Project("{9A19103F-16F7-4668-BE54-9A1E7A4F7556}") = "Services", "Service\Services.csproj", "{5F8FE3E6-1671-4B86-A7D0-4AD3ACCAB565}"
EndProject
Project("{9A19103F-16F7-4668-BE54-9A1E7A4F7556}") = "Persistence", "src\Persistence\Persistence.csproj", "{1B2B3E89-387B-4A63-91D0-306794D066A7}"
EndProject
Project("{FAE04EC0-301F-11D3-BF4B-00C04F79EFBC}") = "Tests", "Tests\Tests.csproj", "{D46BFC94-AC9B-4982-928F-6F7912BCA41F}"
EndProject
Global
	GlobalSection(SolutionConfigurationPlatforms) = preSolution
		Debug|Any CPU = Debug|Any CPU
		Release|Any CPU = Release|Any CPU
	EndGlobalSection
	GlobalSection(ProjectConfigurationPlatforms) = postSolution
		{66D6BA8B-11BE-4424-A366-CF7B8CA89EFA}.Debug|Any CPU.ActiveCfg = Debug|Any CPU
		{66D6BA8B-11BE-4424-A366-CF7B8CA89EFA}.Debug|Any CPU.Build.0 = Debug|Any CPU
		{66D6BA8B-11BE-4424-A366-CF7B8CA89EFA}.Release|Any CPU.ActiveCfg = Release|Any CPU
		{66D6BA8B-11BE-4424-A366-CF7B8CA89EFA}.Release|Any CPU.Build.0 = Release|Any CPU
		{B85395AE-F65B-42FD-B486-9EB4641D694A}.Debug|Any CPU.ActiveCfg = Debug|Any CPU
		{B85395AE-F65B-42FD-B486-9EB4641D694A}.Debug|Any CPU.Build.0 = Debug|Any CPU
		{B85395AE-F65B-42FD-B486-9EB4641D694A}.Release|Any CPU.ActiveCfg = Release|Any CPU
		{B85395AE-F65B-42FD-B486-9EB4641D694A}.Release|Any CPU.Build.0 = Release|Any CPU
		{C91DD41C-E169-4260-9072-6CA4F23D735D}.Debug|Any CPU.ActiveCfg = Debug|Any CPU
		{C91DD41C-E169-4260-9072-6CA4F23D735D}.Debug|Any CPU.Build.0 = Debug|Any CPU
		{C91DD41C-E169-4260-9072-6CA4F23D735D}.Release|Any CPU.ActiveCfg = Release|Any CPU
		{C91DD41C-E169-4260-9072-6CA4F23D735D}.Release|Any CPU.Build.0 = Release|Any CPU
		{1E43EB75-9734-443F-AC27-5F070714EBB4}.Debug|Any CPU.ActiveCfg = Debug|Any CPU
		{1E43EB75-9734-443F-AC27-5F070714EBB4}.Debug|Any CPU.Build.0 = Debug|Any CPU
		{1E43EB75-9734-443F-AC27-5F070714EBB4}.Release|Any CPU.ActiveCfg = Release|Any CPU
		{1E43EB75-9734-443F-AC27-5F070714EBB4}.Release|Any CPU.Build.0 = Release|Any CPU
		{5A77D50B-01E5-4E93-92F5-5300523373F7}.Debug|Any CPU.ActiveCfg = Debug|Any CPU
		{5A77D50B-01E5-4E93-92F5-5300523373F7}.Debug|Any CPU.Build.0 = Debug|Any CPU
		{5A77D50B-01E5-4E93-92F5-5300523373F7}.Release|Any CPU.ActiveCfg = Release|Any CPU
		{5A77D50B-01E5-4E93-92F5-5300523373F7}.Release|Any CPU.Build.0 = Release|Any CPU
		{5F8FE3E6-1671-4B86-A7D0-4AD3ACCAB565}.Debug|Any CPU.ActiveCfg = Debug|Any CPU
		{5F8FE3E6-1671-4B86-A7D0-4AD3ACCAB565}.Debug|Any CPU.Build.0 = Debug|Any CPU
		{5F8FE3E6-1671-4B86-A7D0-4AD3ACCAB565}.Release|Any CPU.ActiveCfg = Release|Any CPU
		{5F8FE3E6-1671-4B86-A7D0-4AD3ACCAB565}.Release|Any CPU.Build.0 = Release|Any CPU
		{1B2B3E89-387B-4A63-91D0-306794D066A7}.Debug|Any CPU.ActiveCfg = Debug|Any CPU
		{1B2B3E89-387B-4A63-91D0-306794D066A7}.Debug|Any CPU.Build.0 = Debug|Any CPU
		{1B2B3E89-387B-4A63-91D0-306794D066A7}.Release|Any CPU.ActiveCfg = Release|Any CPU
		{1B2B3E89-387B-4A63-91D0-306794D066A7}.Release|Any CPU.Build.0 = Release|Any CPU
		{D46BFC94-AC9B-4982-928F-6F7912BCA41F}.Debug|Any CPU.ActiveCfg = Debug|Any CPU
		{D46BFC94-AC9B-4982-928F-6F7912BCA41F}.Debug|Any CPU.Build.0 = Debug|Any CPU
		{D46BFC94-AC9B-4982-928F-6F7912BCA41F}.Release|Any CPU.ActiveCfg = Release|Any CPU
		{D46BFC94-AC9B-4982-928F-6F7912BCA41F}.Release|Any CPU.Build.0 = Release|Any CPU
	EndGlobalSection
	GlobalSection(SolutionProperties) = preSolution
		HideSolutionNode = FALSE
	EndGlobalSection
	GlobalSection(NestedProjects) = preSolution
		{66D6BA8B-11BE-4424-A366-CF7B8CA89EFA} = {4B0D742A-C69D-41D5-9363-4961EB8E4AA1}
		{B85395AE-F65B-42FD-B486-9EB4641D694A} = {4B0D742A-C69D-41D5-9363-4961EB8E4AA1}
		{C91DD41C-E169-4260-9072-6CA4F23D735D} = {4B0D742A-C69D-41D5-9363-4961EB8E4AA1}
		{1E43EB75-9734-443F-AC27-5F070714EBB4} = {4B0D742A-C69D-41D5-9363-4961EB8E4AA1}
		{5A77D50B-01E5-4E93-92F5-5300523373F7} = {4B0D742A-C69D-41D5-9363-4961EB8E4AA1}
		{5F8FE3E6-1671-4B86-A7D0-4AD3ACCAB565} = {4B0D742A-C69D-41D5-9363-4961EB8E4AA1}
		{1B2B3E89-387B-4A63-91D0-306794D066A7} = {4B0D742A-C69D-41D5-9363-4961EB8E4AA1}
		{D46BFC94-AC9B-4982-928F-6F7912BCA41F} = {4B0D742A-C69D-41D5-9363-4961EB8E4AA1}
	EndGlobalSection
	GlobalSection(ExtensibilityGlobals) = postSolution
		SolutionGuid = {1F96E7BC-8103-4E94-A158-DFBC4FEEAB4D}
	EndGlobalSection
EndGlobal
